
Microsoft Visual Studio Solution File, Format Version 12.00
# Visual Studio 15
VisualStudioVersion = 15.0.28307.705
MinimumVisualStudioVersion = 10.0.40219.1
Project("{9A19103F-16F7-4668-BE54-9A1E7A4F7556}") = "TestRabbitMQ.Publisher", "TestRabbitMQ.Publisher\TestRabbitMQ.Publisher.csproj", "{3B0159B2-DDBD-44D3-886B-DD3DA8BD7776}"
EndProject
Project("{9A19103F-16F7-4668-BE54-9A1E7A4F7556}") = "TestRabbitMQ.Subscriber", "TestRabbitMQ.Subscriber\TestRabbitMQ.Subscriber.csproj", "{86A13A83-3489-456C-ADD8-FF57D02CBAF0}"
EndProject
Project("{FAE04EC0-301F-11D3-BF4B-00C04F79EFBC}") = "TestRabbitMQ.Messages", "TestRabbitMQ.Messages\TestRabbitMQ.Messages.csproj", "{7930782F-B0E4-420B-A45D-87E485A910F6}"
EndProject
Global
	GlobalSection(SolutionConfigurationPlatforms) = preSolution
		Debug|Any CPU = Debug|Any CPU
		Release|Any CPU = Release|Any CPU
	EndGlobalSection
	GlobalSection(ProjectConfigurationPlatforms) = postSolution
		{3B0159B2-DDBD-44D3-886B-DD3DA8BD7776}.Debug|Any CPU.ActiveCfg = Debug|Any CPU
		{3B0159B2-DDBD-44D3-886B-DD3DA8BD7776}.Debug|Any CPU.Build.0 = Debug|Any CPU
		{3B0159B2-DDBD-44D3-886B-DD3DA8BD7776}.Release|Any CPU.ActiveCfg = Release|Any CPU
		{3B0159B2-DDBD-44D3-886B-DD3DA8BD7776}.Release|Any CPU.Build.0 = Release|Any CPU
		{86A13A83-3489-456C-ADD8-FF57D02CBAF0}.Debug|Any CPU.ActiveCfg = Debug|Any CPU
		{86A13A83-3489-456C-ADD8-FF57D02CBAF0}.Debug|Any CPU.Build.0 = Debug|Any CPU
		{86A13A83-3489-456C-ADD8-FF57D02CBAF0}.Release|Any CPU.ActiveCfg = Release|Any CPU
		{86A13A83-3489-456C-ADD8-FF57D02CBAF0}.Release|Any CPU.Build.0 = Release|Any CPU
		{7930782F-B0E4-420B-A45D-87E485A910F6}.Debug|Any CPU.ActiveCfg = Debug|Any CPU
		{7930782F-B0E4-420B-A45D-87E485A910F6}.Debug|Any CPU.Build.0 = Debug|Any CPU
		{7930782F-B0E4-420B-A45D-87E485A910F6}.Release|Any CPU.ActiveCfg = Release|Any CPU
		{7930782F-B0E4-420B-A45D-87E485A910F6}.Release|Any CPU.Build.0 = Release|Any CPU
	EndGlobalSection
	GlobalSection(SolutionProperties) = preSolution
		HideSolutionNode = FALSE
	EndGlobalSection
	GlobalSection(ExtensibilityGlobals) = postSolution
		SolutionGuid = {A4FF8334-69DC-4574-B3DA-EC18B719D918}
	EndGlobalSection
EndGlobal
